
Microsoft Visual Studio Solution File, Format Version 12.00
# Visual Studio 15
VisualStudioVersion = 15.0.27130.2003
MinimumVisualStudioVersion = 10.0.40219.1
Project("{8BC9CEB8-8B4A-11D0-8D11-00A0C91BC942}") = "Tiled", "Tiled\Tiled.vcxproj", "{B12702AD-ABFB-343A-A199-8E24837244A3}"
EndProject
Project("{8BC9CEB8-8B4A-11D0-8D11-00A0C91BC942}") = "QtSingleApplication", "QtSingleApplication\QtSingleApplication.vcxproj", "{AA1DCCBB-4D9B-45D1-A422-361D99B73C06}"
EndProject
Project("{8BC9CEB8-8B4A-11D0-8D11-00A0C91BC942}") = "TiledObjects", "TiledObjects\TiledObjects.vcxproj", "{B0578602-2953-4EC2-B10D-15BC595F35C9}"
EndProject
Project("{8BC9CEB8-8B4A-11D0-8D11-00A0C91BC942}") = "TiledQtUtility", "TiledQtUtility\TiledQtUtility.vcxproj", "{19FFEBCB-D43E-468C-B30B-B1F821A7A8DD}"
EndProject
Project("{8BC9CEB8-8B4A-11D0-8D11-00A0C91BC942}") = "TiledObjectsUnitTest", "TiledObjectsUnitTest\TiledObjectsUnitTest.vcxproj", "{5977CB85-E588-41E7-A1B0-8A252B83A98C}"
EndProject
Global
	GlobalSection(SolutionConfigurationPlatforms) = preSolution
		Debug|x64 = Debug|x64
		Debug|x86 = Debug|x86
		Release|x64 = Release|x64
		Release|x86 = Release|x86
	EndGlobalSection
	GlobalSection(ProjectConfigurationPlatforms) = postSolution
		{B12702AD-ABFB-343A-A199-8E24837244A3}.Debug|x64.ActiveCfg = Debug|x64
		{B12702AD-ABFB-343A-A199-8E24837244A3}.Debug|x64.Build.0 = Debug|x64
		{B12702AD-ABFB-343A-A199-8E24837244A3}.Debug|x86.ActiveCfg = Debug|x64
		{B12702AD-ABFB-343A-A199-8E24837244A3}.Release|x64.ActiveCfg = Release|x64
		{B12702AD-ABFB-343A-A199-8E24837244A3}.Release|x64.Build.0 = Release|x64
		{B12702AD-ABFB-343A-A199-8E24837244A3}.Release|x86.ActiveCfg = Release|x64
		{AA1DCCBB-4D9B-45D1-A422-361D99B73C06}.Debug|x64.ActiveCfg = Debug|x64
		{AA1DCCBB-4D9B-45D1-A422-361D99B73C06}.Debug|x64.Build.0 = Debug|x64
		{AA1DCCBB-4D9B-45D1-A422-361D99B73C06}.Debug|x86.ActiveCfg = Debug|x64
		{AA1DCCBB-4D9B-45D1-A422-361D99B73C06}.Release|x64.ActiveCfg = Release|x64
		{AA1DCCBB-4D9B-45D1-A422-361D99B73C06}.Release|x64.Build.0 = Release|x64
		{AA1DCCBB-4D9B-45D1-A422-361D99B73C06}.Release|x86.ActiveCfg = Release|x64
		{B0578602-2953-4EC2-B10D-15BC595F35C9}.Debug|x64.ActiveCfg = Debug|x64
		{B0578602-2953-4EC2-B10D-15BC595F35C9}.Debug|x64.Build.0 = Debug|x64
		{B0578602-2953-4EC2-B10D-15BC595F35C9}.Debug|x86.ActiveCfg = Debug|x64
		{B0578602-2953-4EC2-B10D-15BC595F35C9}.Release|x64.ActiveCfg = Release|x64
		{B0578602-2953-4EC2-B10D-15BC595F35C9}.Release|x64.Build.0 = Release|x64
		{B0578602-2953-4EC2-B10D-15BC595F35C9}.Release|x86.ActiveCfg = Release|x64
		{19FFEBCB-D43E-468C-B30B-B1F821A7A8DD}.Debug|x64.ActiveCfg = Debug|x64
		{19FFEBCB-D43E-468C-B30B-B1F821A7A8DD}.Debug|x64.Build.0 = Debug|x64
		{19FFEBCB-D43E-468C-B30B-B1F821A7A8DD}.Debug|x86.ActiveCfg = Debug|x64
		{19FFEBCB-D43E-468C-B30B-B1F821A7A8DD}.Release|x64.ActiveCfg = Release|x64
		{19FFEBCB-D43E-468C-B30B-B1F821A7A8DD}.Release|x64.Build.0 = Release|x64
		{19FFEBCB-D43E-468C-B30B-B1F821A7A8DD}.Release|x86.ActiveCfg = Release|x64
		{5977CB85-E588-41E7-A1B0-8A252B83A98C}.Debug|x64.ActiveCfg = Debug|x64
		{5977CB85-E588-41E7-A1B0-8A252B83A98C}.Debug|x64.Build.0 = Debug|x64
		{5977CB85-E588-41E7-A1B0-8A252B83A98C}.Debug|x86.ActiveCfg = Debug|x64
		{5977CB85-E588-41E7-A1B0-8A252B83A98C}.Release|x64.ActiveCfg = Release|x64
		{5977CB85-E588-41E7-A1B0-8A252B83A98C}.Release|x64.Build.0 = Release|x64
		{5977CB85-E588-41E7-A1B0-8A252B83A98C}.Release|x86.ActiveCfg = Release|x64
	EndGlobalSection
	GlobalSection(SolutionProperties) = preSolution
		HideSolutionNode = FALSE
	EndGlobalSection
	GlobalSection(ExtensibilityGlobals) = postSolution
		SolutionGuid = {E8BE79A8-CA4E-4899-8B71-7BEC0DD783AC}
	EndGlobalSection
EndGlobal
