<?xml version="1.0" encoding="utf-8"?>
<Project ToolsVersion="4.0" xmlns="http://schemas.microsoft.com/developer/msbuild/2003">
  <ItemGroup>
    <Filter Include="Source Files">
      <UniqueIdentifier>{4FC737F1-C7A5-4376-A066-2A32D752A2FF}</UniqueIdentifier>
      <Extensions>cpp;c;cc;cxx;def;odl;idl;hpj;bat;asm;asmx</Extensions>
    </Filter>
    <Filter Include="Header Files">
      <UniqueIdentifier>{93995380-89BD-4b04-88EB-625FBE52EBFB}</UniqueIdentifier>
      <Extensions>h;hh;hpp;hxx;hm;inl;inc;xsd</Extensions>
    </Filter>
    <Filter Include="Resource Files">
      <UniqueIdentifier>{D9D6E242-F8AF-46E4-B9FD-80ECBC20BA3E}</UniqueIdentifier>
      <Extensions>qrc;*</Extensions>
      <ParseFiles>false</ParseFiles>
    </Filter>
    <Filter Include="Resource Files">
      <UniqueIdentifier>{D9D6E242-F8AF-46E4-B9FD-80ECBC20BA3E}</UniqueIdentifier>
      <Extensions>qrc;*</Extensions>
      <ParseFiles>false</ParseFiles>
    </Filter>
    <Filter Include="Generated Files">
      <UniqueIdentifier>{71ED8ED8-ACB9-4CE9-BBE1-E00B30144E11}</UniqueIdentifier>
      <Extensions>moc;h;cpp</Extensions>
      <SourceControlFiles>False</SourceControlFiles>
    </Filter>
    <Filter Include="Header Files\Mocks">
      <UniqueIdentifier>{94336d4b-cdd9-471b-b531-6b5ebd3d90ba}</UniqueIdentifier>
    </Filter>
  </ItemGroup>
  <ItemGroup>
    <ClCompile Include="main.cpp">
      <Filter>Source Files</Filter>
    </ClCompile>
    <ClCompile Include="cellshould.cpp">
      <Filter>Source Files</Filter>
    </ClCompile>
    <ClCompile Include="templatesimp.cpp">
      <Filter>Source Files</Filter>
    </ClCompile>
    <ClCompile Include="chunkshould.cpp">
      <Filter>Source Files</Filter>
    </ClCompile>
  </ItemGroup>
  <ItemGroup>
    <ClInclude Include="cellshould.h">
      <Filter>Header Files</Filter>
    </ClInclude>
    <ClInclude Include="chunkshould.h">
      <Filter>Header Files</Filter>
    </ClInclude>
    <ClInclude Include="cellmock.h">
      <Filter>Header Files\Mocks</Filter>
    </ClInclude>
    <ClInclude Include="tilemock.h">
      <Filter>Header Files\Mocks</Filter>
    </ClInclude>
    <ClInclude Include="tilesetmock.h">
      <Filter>Header Files\Mocks</Filter>
    </ClInclude>
  </ItemGroup>
</Project>